
Microsoft Visual Studio Solution File, Format Version 12.00
# Visual Studio Version 16
VisualStudioVersion = 16.0.30804.86
MinimumVisualStudioVersion = 10.0.40219.1
Project("{FAE04EC0-301F-11D3-BF4B-00C04F79EFBC}") = "BasicRedisLeaderboardDemoDotNetCore", "BasicRedisLeaderboardDemoDotNetCore\BasicRedisLeaderboardDemoDotNetCore.csproj", "{5E58D7D0-E34B-4072-83E0-DF7C73CC6C7D}"
EndProject
Project("{FAE04EC0-301F-11D3-BF4B-00C04F79EFBC}") = "BasicRedisLeaderboardDemoDotNetCore.BLL", "BasicRedisLeaderboardDemoDotNetCore.BLL\BasicRedisLeaderboardDemoDotNetCore.BLL.csproj", "{D54BCFD0-B0DD-461F-BD82-02D8FCE265AF}"
EndProject
Project("{FAE04EC0-301F-11D3-BF4B-00C04F79EFBC}") = "BasicRedisLeaderboardDemoDotNetCore.Base", "BasicRedisLeaderboardDemoDotNetCore.Base\BasicRedisLeaderboardDemoDotNetCore.Base.csproj", "{7D0C03B9-CA39-4CE7-9531-F4C9F078ADA2}"
EndProject
Global
	GlobalSection(SolutionConfigurationPlatforms) = preSolution
		Debug|Any CPU = Debug|Any CPU
		Release|Any CPU = Release|Any CPU
	EndGlobalSection
	GlobalSection(ProjectConfigurationPlatforms) = postSolution
		{5E58D7D0-E34B-4072-83E0-DF7C73CC6C7D}.Debug|Any CPU.ActiveCfg = Debug|Any CPU
		{5E58D7D0-E34B-4072-83E0-DF7C73CC6C7D}.Debug|Any CPU.Build.0 = Debug|Any CPU
		{5E58D7D0-E34B-4072-83E0-DF7C73CC6C7D}.Release|Any CPU.ActiveCfg = Release|Any CPU
		{5E58D7D0-E34B-4072-83E0-DF7C73CC6C7D}.Release|Any CPU.Build.0 = Release|Any CPU
		{D54BCFD0-B0DD-461F-BD82-02D8FCE265AF}.Debug|Any CPU.ActiveCfg = Debug|Any CPU
		{D54BCFD0-B0DD-461F-BD82-02D8FCE265AF}.Debug|Any CPU.Build.0 = Debug|Any CPU
		{D54BCFD0-B0DD-461F-BD82-02D8FCE265AF}.Release|Any CPU.ActiveCfg = Release|Any CPU
		{D54BCFD0-B0DD-461F-BD82-02D8FCE265AF}.Release|Any CPU.Build.0 = Release|Any CPU
		{7D0C03B9-CA39-4CE7-9531-F4C9F078ADA2}.Debug|Any CPU.ActiveCfg = Debug|Any CPU
		{7D0C03B9-CA39-4CE7-9531-F4C9F078ADA2}.Debug|Any CPU.Build.0 = Debug|Any CPU
		{7D0C03B9-CA39-4CE7-9531-F4C9F078ADA2}.Release|Any CPU.ActiveCfg = Release|Any CPU
		{7D0C03B9-CA39-4CE7-9531-F4C9F078ADA2}.Release|Any CPU.Build.0 = Release|Any CPU
	EndGlobalSection
	GlobalSection(SolutionProperties) = preSolution
		HideSolutionNode = FALSE
	EndGlobalSection
	GlobalSection(ExtensibilityGlobals) = postSolution
		SolutionGuid = {6CF7A22B-65D5-42C7-88B8-20B1EA99710B}
	EndGlobalSection
EndGlobal
